{
  "name": "expand-brain",
  "version": "0.1.0",
  "lockfileVersion": 1,
  "requires": true,
  "dependencies": {
    "oauth": {
      "version": "0.9.9",
      "resolved": "https://registry.npmjs.org/oauth/-/oauth-0.9.9.tgz",
      "integrity": "sha1-7/EAAWHbZBrgyCbZl4mV83xG6Gk="
    },
    "pluralize": {
      "version": "7.0.0",
      "resolved": "https://registry.npmjs.org/pluralize/-/pluralize-7.0.0.tgz",
      "integrity": "sha512-ARhBOdzS3e41FbkW/XWrTEtukqqLoK5+Z/4UeDaLuSW+39JPeFgs4gCGqsrJHVZX0fUrx//4OF0K1CUGwlIFow=="
    },
    "twit": {
      "version": "1.1.20",
      "resolved": "https://registry.npmjs.org/twit/-/twit-1.1.20.tgz",
      "integrity": "sha1-Fw5n0Bh5hILK8pmN1Mb48py1SGE=",
      "requires": {
        "oauth": "0.9.9"
      }
    },
    "wordfilter": {
      "version": "0.2.6",
      "resolved": "https://registry.npmjs.org/wordfilter/-/wordfilter-0.2.6.tgz",
      "integrity": "sha1-3kGsY0qplLnxu5OMHMu83klkFGU="
    }
  }
}
